
Microsoft Visual Studio Solution File, Format Version 12.00
# Visual Studio Version 16
VisualStudioVersion = 16.0.31702.278
MinimumVisualStudioVersion = 10.0.40219.1
Project("{FAE04EC0-301F-11D3-BF4B-00C04F79EFBC}") = "IC_SpecFlow_Test", "IC_SpecFlow_Test\IC_SpecFlow_Test.csproj", "{092D0B69-4F43-4191-84CB-2A2E69897C66}"
EndProject
Global
	GlobalSection(SolutionConfigurationPlatforms) = preSolution
		Debug|Any CPU = Debug|Any CPU
		Release|Any CPU = Release|Any CPU
	EndGlobalSection
	GlobalSection(ProjectConfigurationPlatforms) = postSolution
		{092D0B69-4F43-4191-84CB-2A2E69897C66}.Debug|Any CPU.ActiveCfg = Debug|Any CPU
		{092D0B69-4F43-4191-84CB-2A2E69897C66}.Debug|Any CPU.Build.0 = Debug|Any CPU
		{092D0B69-4F43-4191-84CB-2A2E69897C66}.Release|Any CPU.ActiveCfg = Release|Any CPU
		{092D0B69-4F43-4191-84CB-2A2E69897C66}.Release|Any CPU.Build.0 = Release|Any CPU
	EndGlobalSection
	GlobalSection(SolutionProperties) = preSolution
		HideSolutionNode = FALSE
	EndGlobalSection
	GlobalSection(ExtensibilityGlobals) = postSolution
		SolutionGuid = {D832F921-F3AD-4A22-82BE-8071D43E7077}
	EndGlobalSection
EndGlobal
